
Microsoft Visual Studio Solution File, Format Version 12.00
# Visual Studio 15
VisualStudioVersion = 15.0.28010.2016
MinimumVisualStudioVersion = 10.0.40219.1
Project("{FAE04EC0-301F-11D3-BF4B-00C04F79EFBC}") = "ThinkPower.CCLPA.Web", "ThinkPower.CCLPA.Web\ThinkPower.CCLPA.Web.csproj", "{044D87E4-A277-4E57-8192-A374045DDE73}"
EndProject
Project("{FAE04EC0-301F-11D3-BF4B-00C04F79EFBC}") = "ThinkPower.CCLPA.Domain", "ThinkPower.CCLPA.Domain\ThinkPower.CCLPA.Domain.csproj", "{1AE0FD73-A29D-4D58-9623-82C102DDFBC8}"
EndProject
Project("{FAE04EC0-301F-11D3-BF4B-00C04F79EFBC}") = "ThinkPower.CCLPA.DataAccess", "ThinkPower.CCLPA.DataAccess\ThinkPower.CCLPA.DataAccess.csproj", "{BC4AEA7F-F435-43FD-8F0C-86CB3C22E7AC}"
EndProject
Project("{2150E333-8FDC-42A3-9474-1A3956D46DE8}") = "test", "test", "{2B4F7104-2394-4F98-8C9B-4829C88E47FC}"
EndProject
Project("{FAE04EC0-301F-11D3-BF4B-00C04F79EFBC}") = "ThinkPower.CCLPA.DataAccessTests", "ThinkPower.CCLPA.DataAccessTests\ThinkPower.CCLPA.DataAccessTests.csproj", "{E8E97D99-91FA-4FF2-A175-CE17C473889A}"
EndProject
Project("{FAE04EC0-301F-11D3-BF4B-00C04F79EFBC}") = "ThinkPower.CCLPA.DataAccessEF", "ThinkPower.CCLPA.DataAccessEF\ThinkPower.CCLPA.DataAccessEF.csproj", "{876FDE96-BD9E-4406-8207-C22A4CE55CB6}"
EndProject
Project("{2150E333-8FDC-42A3-9474-1A3956D46DE8}") = "temp", "temp", "{9D381F3C-96F3-4893-8844-9173161762FB}"
EndProject
Global
	GlobalSection(SolutionConfigurationPlatforms) = preSolution
		Debug|Any CPU = Debug|Any CPU
		Release|Any CPU = Release|Any CPU
	EndGlobalSection
	GlobalSection(ProjectConfigurationPlatforms) = postSolution
		{044D87E4-A277-4E57-8192-A374045DDE73}.Debug|Any CPU.ActiveCfg = Debug|Any CPU
		{044D87E4-A277-4E57-8192-A374045DDE73}.Debug|Any CPU.Build.0 = Debug|Any CPU
		{044D87E4-A277-4E57-8192-A374045DDE73}.Release|Any CPU.ActiveCfg = Release|Any CPU
		{044D87E4-A277-4E57-8192-A374045DDE73}.Release|Any CPU.Build.0 = Release|Any CPU
		{1AE0FD73-A29D-4D58-9623-82C102DDFBC8}.Debug|Any CPU.ActiveCfg = Debug|Any CPU
		{1AE0FD73-A29D-4D58-9623-82C102DDFBC8}.Debug|Any CPU.Build.0 = Debug|Any CPU
		{1AE0FD73-A29D-4D58-9623-82C102DDFBC8}.Release|Any CPU.ActiveCfg = Release|Any CPU
		{1AE0FD73-A29D-4D58-9623-82C102DDFBC8}.Release|Any CPU.Build.0 = Release|Any CPU
		{BC4AEA7F-F435-43FD-8F0C-86CB3C22E7AC}.Debug|Any CPU.ActiveCfg = Debug|Any CPU
		{BC4AEA7F-F435-43FD-8F0C-86CB3C22E7AC}.Debug|Any CPU.Build.0 = Debug|Any CPU
		{BC4AEA7F-F435-43FD-8F0C-86CB3C22E7AC}.Release|Any CPU.ActiveCfg = Release|Any CPU
		{BC4AEA7F-F435-43FD-8F0C-86CB3C22E7AC}.Release|Any CPU.Build.0 = Release|Any CPU
		{E8E97D99-91FA-4FF2-A175-CE17C473889A}.Debug|Any CPU.ActiveCfg = Debug|Any CPU
		{E8E97D99-91FA-4FF2-A175-CE17C473889A}.Debug|Any CPU.Build.0 = Debug|Any CPU
		{E8E97D99-91FA-4FF2-A175-CE17C473889A}.Release|Any CPU.ActiveCfg = Release|Any CPU
		{E8E97D99-91FA-4FF2-A175-CE17C473889A}.Release|Any CPU.Build.0 = Release|Any CPU
		{876FDE96-BD9E-4406-8207-C22A4CE55CB6}.Debug|Any CPU.ActiveCfg = Debug|Any CPU
		{876FDE96-BD9E-4406-8207-C22A4CE55CB6}.Debug|Any CPU.Build.0 = Debug|Any CPU
		{876FDE96-BD9E-4406-8207-C22A4CE55CB6}.Release|Any CPU.ActiveCfg = Release|Any CPU
		{876FDE96-BD9E-4406-8207-C22A4CE55CB6}.Release|Any CPU.Build.0 = Release|Any CPU
	EndGlobalSection
	GlobalSection(SolutionProperties) = preSolution
		HideSolutionNode = FALSE
	EndGlobalSection
	GlobalSection(NestedProjects) = preSolution
		{E8E97D99-91FA-4FF2-A175-CE17C473889A} = {2B4F7104-2394-4F98-8C9B-4829C88E47FC}
		{876FDE96-BD9E-4406-8207-C22A4CE55CB6} = {9D381F3C-96F3-4893-8844-9173161762FB}
	EndGlobalSection
	GlobalSection(ExtensibilityGlobals) = postSolution
		SolutionGuid = {85FB3AFE-1E9D-44BC-95FD-A247035129BE}
	EndGlobalSection
EndGlobal
